
Microsoft Visual Studio Solution File, Format Version 12.00
# Visual Studio Version 17
VisualStudioVersion = 17.9.34728.123
MinimumVisualStudioVersion = 10.0.40219.1
Project("{FAE04EC0-301F-11D3-BF4B-00C04F79EFBC}") = "ElderyPeopleCare", "ElderyPeopleCare.csproj", "{2BBC35E4-573E-480A-975F-178B8BF21978}"
EndProject
Global
	GlobalSection(SolutionConfigurationPlatforms) = preSolution
		Debug|Any CPU = Debug|Any CPU
		Release|Any CPU = Release|Any CPU
	EndGlobalSection
	GlobalSection(ProjectConfigurationPlatforms) = postSolution
		{2BBC35E4-573E-480A-975F-178B8BF21978}.Debug|Any CPU.ActiveCfg = Debug|Any CPU
		{2BBC35E4-573E-480A-975F-178B8BF21978}.Debug|Any CPU.Build.0 = Debug|Any CPU
		{2BBC35E4-573E-480A-975F-178B8BF21978}.Release|Any CPU.ActiveCfg = Release|Any CPU
		{2BBC35E4-573E-480A-975F-178B8BF21978}.Release|Any CPU.Build.0 = Release|Any CPU
	EndGlobalSection
	GlobalSection(SolutionProperties) = preSolution
		HideSolutionNode = FALSE
	EndGlobalSection
	GlobalSection(ExtensibilityGlobals) = postSolution
		SolutionGuid = {61E15AD0-F7D2-4A76-813B-A9EE99E9AD65}
	EndGlobalSection
EndGlobal
